
Microsoft Visual Studio Solution File, Format Version 11.00
# Visual Studio 2010
Project("{FAE04EC0-301F-11D3-BF4B-00C04F79EFBC}") = "Assembly-CSharp", "Assembly-CSharp.csproj", "{E8EB97EA-AE17-B1B7-51B7-F99BF62411DD}"
EndProject
Project("{FAE04EC0-301F-11D3-BF4B-00C04F79EFBC}") = "Assembly-CSharp-Editor", "Assembly-CSharp-Editor.csproj", "{5CE7D679-5371-B5FC-F2FE-E6E8BE668F25}"
EndProject
Global
	GlobalSection(SolutionConfigurationPlatforms) = preSolution
		Debug|Any CPU = Debug|Any CPU
		Release|Any CPU = Release|Any CPU
	EndGlobalSection
	GlobalSection(ProjectConfigurationPlatforms) = postSolution
		{E8EB97EA-AE17-B1B7-51B7-F99BF62411DD}.Debug|Any CPU.ActiveCfg = Debug|Any CPU
		{E8EB97EA-AE17-B1B7-51B7-F99BF62411DD}.Debug|Any CPU.Build.0 = Debug|Any CPU
		{E8EB97EA-AE17-B1B7-51B7-F99BF62411DD}.Release|Any CPU.ActiveCfg = Release|Any CPU
		{E8EB97EA-AE17-B1B7-51B7-F99BF62411DD}.Release|Any CPU.Build.0 = Release|Any CPU
		{5CE7D679-5371-B5FC-F2FE-E6E8BE668F25}.Debug|Any CPU.ActiveCfg = Debug|Any CPU
		{5CE7D679-5371-B5FC-F2FE-E6E8BE668F25}.Debug|Any CPU.Build.0 = Debug|Any CPU
		{5CE7D679-5371-B5FC-F2FE-E6E8BE668F25}.Release|Any CPU.ActiveCfg = Release|Any CPU
		{5CE7D679-5371-B5FC-F2FE-E6E8BE668F25}.Release|Any CPU.Build.0 = Release|Any CPU
	EndGlobalSection
	GlobalSection(SolutionProperties) = preSolution
		HideSolutionNode = FALSE
	EndGlobalSection
EndGlobal
